<?xml version="1.0" encoding="utf-8"?>
<Project ToolsVersion="4.0" xmlns="http://schemas.microsoft.com/developer/msbuild/2003">
  <ItemGroup>
    <Filter Include="Source Files">
      <UniqueIdentifier>{4FC737F1-C7A5-4376-A066-2A32D752A2FF}</UniqueIdentifier>
      <Extensions>cpp;c;cc;cxx;def;odl;idl;hpj;bat;asm;asmx</Extensions>
    </Filter>
    <Filter Include="Header Files">
      <UniqueIdentifier>{93995380-89BD-4b04-88EB-625FBE52EBFB}</UniqueIdentifier>
      <Extensions>h;hh;hpp;hxx;hm;inl;inc;xsd</Extensions>
    </Filter>
    <Filter Include="Resource Files">
      <UniqueIdentifier>{67DA6AB6-F800-4c08-8B7A-83BB121AAD01}</UniqueIdentifier>
      <Extensions>rc;ico;cur;bmp;dlg;rc2;rct;bin;rgs;gif;jpg;jpeg;jpe;resx;tiff;tif;png;wav;mfcribbon-ms</Extensions>
    </Filter>
    <Filter Include="Shapes">
      <UniqueIdentifier>{15600021-808d-466f-b29c-c45154ef4654}</UniqueIdentifier>
    </Filter>
    <Filter Include="Shaders">
      <UniqueIdentifier>{335152f7-d5f6-4043-b252-69c6a9de53d1}</UniqueIdentifier>
    </Filter>
  </ItemGroup>
  <ItemGroup>
    <Text Include="ReadMe.txt" />
  </ItemGroup>
  <ItemGroup>
    <ClCompile Include="ConsoleApplication1.cpp">
      <Filter>Source Files</Filter>
    </ClCompile>
    <ClCompile Include="MercuryWindow.cpp">
      <Filter>Source Files</Filter>
    </ClCompile>
    <ClCompile Include="Win32Window.cpp">
      <Filter>Source Files</Filter>
    </ClCompile>
    <ClCompile Include="HgElement.c">
      <Filter>Source Files</Filter>
    </ClCompile>
    <ClCompile Include="quaternion.c">
      <Filter>Source Files</Filter>
    </ClCompile>
    <ClCompile Include="HgScene.c">
      <Filter>Source Files</Filter>
    </ClCompile>
    <ClCompile Include="oglDisplay.c">
      <Filter>Source Files</Filter>
    </ClCompile>
    <ClCompile Include="triangle.c">
      <Filter>Shapes</Filter>
    </ClCompile>
    <ClCompile Include="oglShaders.c">
      <Filter>Source Files</Filter>
    </ClCompile>
    <ClCompile Include="HgMath.c">
      <Filter>Source Files</Filter>
    </ClCompile>
    <ClCompile Include="HgRenderQueue.c">
      <Filter>Source Files</Filter>
    </ClCompile>
    <ClCompile Include="OglRenderPackets.c">
      <Filter>Source Files</Filter>
    </ClCompile>
    <ClCompile Include="cube.c">
      <Filter>Shapes</Filter>
    </ClCompile>
    <ClCompile Include="HgShader.c">
      <Filter>Source Files</Filter>
    </ClCompile>
    <ClCompile Include="GravityTest.c">
      <Filter>Source Files</Filter>
    </ClCompile>
    <ClCompile Include="HgInput.c">
      <Filter>Source Files</Filter>
    </ClCompile>
    <ClCompile Include="Projectile.c">
      <Filter>Source Files</Filter>
    </ClCompile>
    <ClCompile Include="HgVbo.c">
      <Filter>Shapes</Filter>
    </ClCompile>
  </ItemGroup>
  <ItemGroup>
    <ClInclude Include="MercuryWindow.h">
      <Filter>Header Files</Filter>
    </ClInclude>
    <ClInclude Include="Win32Window.h">
      <Filter>Header Files</Filter>
    </ClInclude>
    <ClInclude Include="global.h">
      <Filter>Header Files</Filter>
    </ClInclude>
    <ClInclude Include="Callback.h">
      <Filter>Header Files</Filter>
    </ClInclude>
    <ClInclude Include="HgElement.h">
      <Filter>Header Files</Filter>
    </ClInclude>
    <ClInclude Include="quaternion.h">
      <Filter>Header Files</Filter>
    </ClInclude>
    <ClInclude Include="HgScene.h">
      <Filter>Header Files</Filter>
    </ClInclude>
    <ClInclude Include="vertex.h">
      <Filter>Header Files</Filter>
    </ClInclude>
    <ClInclude Include="oglDisplay.h">
      <Filter>Header Files</Filter>
    </ClInclude>
    <ClInclude Include="triangle.h">
      <Filter>Shapes</Filter>
    </ClInclude>
    <ClInclude Include="HgRenderQueue.h">
      <Filter>Header Files</Filter>
    </ClInclude>
    <ClInclude Include="oglShaders.h">
      <Filter>Header Files</Filter>
    </ClInclude>
    <ClInclude Include="HgMath.h">
      <Filter>Header Files</Filter>
    </ClInclude>
    <ClInclude Include="include\glcorearb.h">
      <Filter>Header Files</Filter>
    </ClInclude>
    <ClInclude Include="include\glew.h">
      <Filter>Header Files</Filter>
    </ClInclude>
    <ClInclude Include="include\glext.h">
      <Filter>Header Files</Filter>
    </ClInclude>
    <ClInclude Include="HgTypes.h">
      <Filter>Header Files</Filter>
    </ClInclude>
    <ClInclude Include="cube.h">
      <Filter>Shapes</Filter>
    </ClInclude>
    <ClInclude Include="HgShader.h">
      <Filter>Header Files</Filter>
    </ClInclude>
    <ClInclude Include="Gravity.h">
      <Filter>Source Files</Filter>
    </ClInclude>
    <ClInclude Include="HgInput.h">
      <Filter>Header Files</Filter>
    </ClInclude>
    <ClInclude Include="Projectile.h">
      <Filter>Source Files</Filter>
    </ClInclude>
    <ClInclude Include="HgVbo.h">
      <Filter>Source Files</Filter>
    </ClInclude>
  </ItemGroup>
  <ItemGroup>
    <None Include="test_vertex.glsl">
      <Filter>Shaders</Filter>
    </None>
  </ItemGroup>
</Project>