
Microsoft Visual Studio Solution File, Format Version 12.00
# Visual Studio 15
VisualStudioVersion = 15.0.26228.4
MinimumVisualStudioVersion = 10.0.40219.1
Project("{2150E333-8FDC-42A3-9474-1A3956D46DE8}") = "Solution Items", "Solution Items", "{EF48128C-FD9D-4D8A-AAB8-75A02AD91A47}"
EndProject
Project("{8BC9CEB8-8B4A-11D0-8D11-00A0C91BC942}") = "HgPlayground", "HgPlayground\HgPlayground.vcxproj", "{BE0BF03B-073B-406B-BBAA-CD2103CC667D}"
EndProject
Project("{8BC9CEB8-8B4A-11D0-8D11-00A0C91BC942}") = "Mercury3", "Mercury3\Mercury3.vcxproj", "{3E23A8B1-93AA-4B29-9BA7-C76B1918A025}"
EndProject
Global
	GlobalSection(SolutionConfigurationPlatforms) = preSolution
		Debug|x64 = Debug|x64
		Debug|x86 = Debug|x86
		Release|x64 = Release|x64
		Release|x86 = Release|x86
	EndGlobalSection
	GlobalSection(ProjectConfigurationPlatforms) = postSolution
		{BE0BF03B-073B-406B-BBAA-CD2103CC667D}.Debug|x64.ActiveCfg = Debug|x64
		{BE0BF03B-073B-406B-BBAA-CD2103CC667D}.Debug|x64.Build.0 = Debug|x64
		{BE0BF03B-073B-406B-BBAA-CD2103CC667D}.Debug|x86.ActiveCfg = Debug|Win32
		{BE0BF03B-073B-406B-BBAA-CD2103CC667D}.Debug|x86.Build.0 = Debug|Win32
		{BE0BF03B-073B-406B-BBAA-CD2103CC667D}.Release|x64.ActiveCfg = Release|x64
		{BE0BF03B-073B-406B-BBAA-CD2103CC667D}.Release|x64.Build.0 = Release|x64
		{BE0BF03B-073B-406B-BBAA-CD2103CC667D}.Release|x86.ActiveCfg = Release|Win32
		{BE0BF03B-073B-406B-BBAA-CD2103CC667D}.Release|x86.Build.0 = Release|Win32
		{3E23A8B1-93AA-4B29-9BA7-C76B1918A025}.Debug|x64.ActiveCfg = Debug|x64
		{3E23A8B1-93AA-4B29-9BA7-C76B1918A025}.Debug|x64.Build.0 = Debug|x64
		{3E23A8B1-93AA-4B29-9BA7-C76B1918A025}.Debug|x86.ActiveCfg = Debug|Win32
		{3E23A8B1-93AA-4B29-9BA7-C76B1918A025}.Debug|x86.Build.0 = Debug|Win32
		{3E23A8B1-93AA-4B29-9BA7-C76B1918A025}.Release|x64.ActiveCfg = Release|x64
		{3E23A8B1-93AA-4B29-9BA7-C76B1918A025}.Release|x64.Build.0 = Release|x64
		{3E23A8B1-93AA-4B29-9BA7-C76B1918A025}.Release|x86.ActiveCfg = Release|Win32
		{3E23A8B1-93AA-4B29-9BA7-C76B1918A025}.Release|x86.Build.0 = Release|Win32
	EndGlobalSection
	GlobalSection(SolutionProperties) = preSolution
		HideSolutionNode = FALSE
	EndGlobalSection
	GlobalSection(Performance) = preSolution
		HasPerformanceSessions = true
	EndGlobalSection
	GlobalSection(Performance) = preSolution
		HasPerformanceSessions = true
	EndGlobalSection
EndGlobal
